// !$*UTF8*$!
{
	archiveVersion = 1;
	classes = {
	};
	objectVersion = 55;
	objects = {

/* Begin PBXBuildFile section */
		5F1567912875516F00CEDB10 /* WeatherManager.swift in Sources */ = {isa = PBXBuildFile; fileRef = 5F1567902875516F00CEDB10 /* WeatherManager.swift */; };
		5F15679628755E1400CEDB10 /* WeatherData.swift in Sources */ = {isa = PBXBuildFile; fileRef = 5F15679528755E1400CEDB10 /* WeatherData.swift */; };
		5FDC85CC2873255C007B5C28 /* AppDelegate.swift in Sources */ = {isa = PBXBuildFile; fileRef = 5FDC85CB2873255C007B5C28 /* AppDelegate.swift */; };
		5FDC85CE2873255C007B5C28 /* SceneDelegate.swift in Sources */ = {isa = PBXBuildFile; fileRef = 5FDC85CD2873255C007B5C28 /* SceneDelegate.swift */; };
		5FDC85D02873255C007B5C28 /* WeatherViewController.swift in Sources */ = {isa = PBXBuildFile; fileRef = 5FDC85CF2873255C007B5C28 /* WeatherViewController.swift */; };
		5FDC85D32873255C007B5C28 /* Main.storyboard in Resources */ = {isa = PBXBuildFile; fileRef = 5FDC85D12873255C007B5C28 /* Main.storyboard */; };
		5FDC85D52873255E007B5C28 /* Assets.xcassets in Resources */ = {isa = PBXBuildFile; fileRef = 5FDC85D42873255E007B5C28 /* Assets.xcassets */; };
		5FDC85D82873255E007B5C28 /* LaunchScreen.storyboard in Resources */ = {isa = PBXBuildFile; fileRef = 5FDC85D62873255E007B5C28 /* LaunchScreen.storyboard */; };
/* End PBXBuildFile section */

/* Begin PBXFileReference section */
		5F1567902875516F00CEDB10 /* WeatherManager.swift */ = {isa = PBXFileReference; lastKnownFileType = sourcecode.swift; path = WeatherManager.swift; sourceTree = "<group>"; };
		5F15679528755E1400CEDB10 /* WeatherData.swift */ = {isa = PBXFileReference; lastKnownFileType = sourcecode.swift; path = WeatherData.swift; sourceTree = "<group>"; };
		5FDC85C82873255C007B5C28 /* NALSSI.app */ = {isa = PBXFileReference; explicitFileType = wrapper.application; includeInIndex = 0; path = NALSSI.app; sourceTree = BUILT_PRODUCTS_DIR; };
		5FDC85CB2873255C007B5C28 /* AppDelegate.swift */ = {isa = PBXFileReference; lastKnownFileType = sourcecode.swift; path = AppDelegate.swift; sourceTree = "<group>"; };
		5FDC85CD2873255C007B5C28 /* SceneDelegate.swift */ = {isa = PBXFileReference; lastKnownFileType = sourcecode.swift; path = SceneDelegate.swift; sourceTree = "<group>"; };
		5FDC85CF2873255C007B5C28 /* WeatherViewController.swift */ = {isa = PBXFileReference; lastKnownFileType = sourcecode.swift; path = WeatherViewController.swift; sourceTree = "<group>"; };
		5FDC85D22873255C007B5C28 /* Base */ = {isa = PBXFileReference; lastKnownFileType = file.storyboard; name = Base; path = Base.lproj/Main.storyboard; sourceTree = "<group>"; };
		5FDC85D42873255E007B5C28 /* Assets.xcassets */ = {isa = PBXFileReference; lastKnownFileType = folder.assetcatalog; path = Assets.xcassets; sourceTree = "<group>"; };
		5FDC85D72873255E007B5C28 /* Base */ = {isa = PBXFileReference; lastKnownFileType = file.storyboard; name = Base; path = Base.lproj/LaunchScreen.storyboard; sourceTree = "<group>"; };
		5FDC85D92873255E007B5C28 /* Info.plist */ = {isa = PBXFileReference; lastKnownFileType = text.plist.xml; path = Info.plist; sourceTree = "<group>"; };
/* End PBXFileReference section */

/* Begin PBXFrameworksBuildPhase section */
		5FDC85C52873255C007B5C28 /* Frameworks */ = {
			isa = PBXFrameworksBuildPhase;
			buildActionMask = 2147483647;
			files = (
			);
			runOnlyForDeploymentPostprocessing = 0;
		};
/* End PBXFrameworksBuildPhase section */

/* Begin PBXGroup section */
		5F1567922875517500CEDB10 /* Model */ = {
			isa = PBXGroup;
			children = (
				5F1567902875516F00CEDB10 /* WeatherManager.swift */,
				5F15679528755E1400CEDB10 /* WeatherData.swift */,
			);
			path = Model;
			sourceTree = "<group>";
		};
		5F1567932875517E00CEDB10 /* Controller */ = {
			isa = PBXGroup;
			children = (
				5FDC85CF2873255C007B5C28 /* WeatherViewController.swift */,
			);
			path = Controller;
			sourceTree = "<group>";
		};
		5F1567942875519400CEDB10 /* View */ = {
			isa = PBXGroup;
			children = (
				5FDC85D12873255C007B5C28 /* Main.storyboard */,
			);
			path = View;
			sourceTree = "<group>";
		};
		5FDC85BF2873255C007B5C28 = {
			isa = PBXGroup;
			children = (
				5FDC85CA2873255C007B5C28 /* NALSSI */,
				5FDC85C92873255C007B5C28 /* Products */,
			);
			sourceTree = "<group>";
		};
		5FDC85C92873255C007B5C28 /* Products */ = {
			isa = PBXGroup;
			children = (
				5FDC85C82873255C007B5C28 /* NALSSI.app */,
			);
			name = Products;
			sourceTree = "<group>";
		};
		5FDC85CA2873255C007B5C28 /* NALSSI */ = {
			isa = PBXGroup;
			children = (
				5FDC85CB2873255C007B5C28 /* AppDelegate.swift */,
				5FDC85CD2873255C007B5C28 /* SceneDelegate.swift */,
				5F1567932875517E00CEDB10 /* Controller */,
				5F1567922875517500CEDB10 /* Model */,
				5F1567942875519400CEDB10 /* View */,
				5FDC85D42873255E007B5C28 /* Assets.xcassets */,
				5FDC85D62873255E007B5C28 /* LaunchScreen.storyboard */,
				5FDC85D92873255E007B5C28 /* Info.plist */,
			);
			path = NALSSI;
			sourceTree = "<group>";
		};
/* End PBXGroup section */

/* Begin PBXNativeTarget section */
		5FDC85C72873255C007B5C28 /* NALSSI */ = {
			isa = PBXNativeTarget;
			buildConfigurationList = 5FDC85DC2873255E007B5C28 /* Build configuration list for PBXNativeTarget "NALSSI" */;
			buildPhases = (
				5FDC85C42873255C007B5C28 /* Sources */,
				5FDC85C52873255C007B5C28 /* Frameworks */,
				5FDC85C62873255C007B5C28 /* Resources */,
			);
			buildRules = (
			);
			dependencies = (
			);
			name = NALSSI;
			productName = NALSSI;
			productReference = 5FDC85C82873255C007B5C28 /* NALSSI.app */;
			productType = "com.apple.product-type.application";
		};
/* End PBXNativeTarget section */

/* Begin PBXProject section */
		5FDC85C02873255C007B5C28 /* Project object */ = {
			isa = PBXProject;
			attributes = {
				BuildIndependentTargetsInParallel = 1;
				LastSwiftUpdateCheck = 1340;
				LastUpgradeCheck = 1340;
				TargetAttributes = {
					5FDC85C72873255C007B5C28 = {
						CreatedOnToolsVersion = 13.4.1;
					};
				};
			};
			buildConfigurationList = 5FDC85C32873255C007B5C28 /* Build configuration list for PBXProject "NALSSI" */;
			compatibilityVersion = "Xcode 13.0";
			developmentRegion = en;
			hasScannedForEncodings = 0;
			knownRegions = (
				en,
				Base,
			);
			mainGroup = 5FDC85BF2873255C007B5C28;
			productRefGroup = 5FDC85C92873255C007B5C28 /* Products */;
			projectDirPath = "";
			projectRoot = "";
			targets = (
				5FDC85C72873255C007B5C28 /* NALSSI */,
			);
		};
/* End PBXProject section */

/* Begin PBXResourcesBuildPhase section */
		5FDC85C62873255C007B5C28 /* Resources */ = {
			isa = PBXResourcesBuildPhase;
			buildActionMask = 2147483647;
			files = (
				5FDC85D82873255E007B5C28 /* LaunchScreen.storyboard in Resources */,
				5FDC85D52873255E007B5C28 /* Assets.xcassets in Resources */,
				5FDC85D32873255C007B5C28 /* Main.storyboard in Resources */,
			);
			runOnlyForDeploymentPostprocessing = 0;
		};
/* End PBXResourcesBuildPhase section */

/* Begin PBXSourcesBuildPhase section */
		5FDC85C42873255C007B5C28 /* Sources */ = {
			isa = PBXSourcesBuildPhase;
			buildActionMask = 2147483647;
			files = (
				5FDC85D02873255C007B5C28 /* WeatherViewController.swift in Sources */,
				5F15679628755E1400CEDB10 /* WeatherData.swift in Sources */,
				5FDC85CC2873255C007B5C28 /* AppDelegate.swift in Sources */,
				5F1567912875516F00CEDB10 /* WeatherManager.swift in Sources */,
				5FDC85CE2873255C007B5C28 /* SceneDelegate.swift in Sources */,
			);
			runOnlyForDeploymentPostprocessing = 0;
		};
/* End PBXSourcesBuildPhase section */

/* Begin PBXVariantGroup section */
		5FDC85D12873255C007B5C28 /* Main.storyboard */ = {
			isa = PBXVariantGroup;
			children = (
				5FDC85D22873255C007B5C28 /* Base */,
			);
			name = Main.storyboard;
			sourceTree = "<group>";
		};
		5FDC85D62873255E007B5C28 /* LaunchScreen.storyboard */ = {
			isa = PBXVariantGroup;
			children = (
				5FDC85D72873255E007B5C28 /* Base */,
			);
			name = LaunchScreen.storyboard;
			sourceTree = "<group>";
		};
/* End PBXVariantGroup section */

/* Begin XCBuildConfiguration section */
		5FDC85DA2873255E007B5C28 /* Debug */ = {
			isa = XCBuildConfiguration;
			buildSettings = {
				ALWAYS_SEARCH_USER_PATHS = NO;
				CLANG_ANALYZER_NONNULL = YES;
				CLANG_ANALYZER_NUMBER_OBJECT_CONVERSION = YES_AGGRESSIVE;
				CLANG_CXX_LANGUAGE_STANDARD = "gnu++17";
				CLANG_ENABLE_MODULES = YES;
				CLANG_ENABLE_OBJC_ARC = YES;
				CLANG_ENABLE_OBJC_WEAK = YES;
				CLANG_WARN_BLOCK_CAPTURE_AUTORELEASING = YES;
				CLANG_WARN_BOOL_CONVERSION = YES;
				CLANG_WARN_COMMA = YES;
				CLANG_WARN_CONSTANT_CONVERSION = YES;
				CLANG_WARN_DEPRECATED_OBJC_IMPLEMENTATIONS = YES;
				CLANG_WARN_DIRECT_OBJC_ISA_USAGE = YES_ERROR;
				CLANG_WARN_DOCUMENTATION_COMMENTS = YES;
				CLANG_WARN_EMPTY_BODY = YES;
				CLANG_WARN_ENUM_CONVERSION = YES;
				CLANG_WARN_INFINITE_RECURSION = YES;
				CLANG_WARN_INT_CONVERSION = YES;
				CLANG_WARN_NON_LITERAL_NULL_CONVERSION = YES;
				CLANG_WARN_OBJC_IMPLICIT_RETAIN_SELF = YES;
				CLANG_WARN_OBJC_LITERAL_CONVERSION = YES;
				CLANG_WARN_OBJC_ROOT_CLASS = YES_ERROR;
				CLANG_WARN_QUOTED_INCLUDE_IN_FRAMEWORK_HEADER = YES;
				CLANG_WARN_RANGE_LOOP_ANALYSIS = YES;
				CLANG_WARN_STRICT_PROTOTYPES = YES;
				CLANG_WARN_SUSPICIOUS_MOVE = YES;
				CLANG_WARN_UNGUARDED_AVAILABILITY = YES_AGGRESSIVE;
				CLANG_WARN_UNREACHABLE_CODE = YES;
				CLANG_WARN__DUPLICATE_METHOD_MATCH = YES;
				COPY_PHASE_STRIP = NO;
				DEBUG_INFORMATION_FORMAT = dwarf;
				ENABLE_STRICT_OBJC_MSGSEND = YES;
				ENABLE_TESTABILITY = YES;
				GCC_C_LANGUAGE_STANDARD = gnu11;
				GCC_DYNAMIC_NO_PIC = NO;
				GCC_NO_COMMON_BLOCKS = YES;
				GCC_OPTIMIZATION_LEVEL = 0;
				GCC_PREPROCESSOR_DEFINITIONS = (
					"DEBUG=1",
					"$(inherited)",
				);
				GCC_WARN_64_TO_32_BIT_CONVERSION = YES;
				GCC_WARN_ABOUT_RETURN_TYPE = YES_ERROR;
				GCC_WARN_UNDECLARED_SELECTOR = YES;
				GCC_WARN_UNINITIALIZED_AUTOS = YES_AGGRESSIVE;
				GCC_WARN_UNUSED_FUNCTION = YES;
				GCC_WARN_UNUSED_VARIABLE = YES;
				IPHONEOS_DEPLOYMENT_TARGET = 15.5;
				MTL_ENABLE_DEBUG_INFO = INCLUDE_SOURCE;
				MTL_FAST_MATH = YES;
				ONLY_ACTIVE_ARCH = YES;
				SDKROOT = iphoneos;
				SWIFT_ACTIVE_COMPILATION_CONDITIONS = DEBUG;
				SWIFT_OPTIMIZATION_LEVEL = "-Onone";
			};
			name = Debug;
		};
		5FDC85DB2873255E007B5C28 /* Release */ = {
			isa = XCBuildConfiguration;
			buildSettings = {
				ALWAYS_SEARCH_USER_PATHS = NO;
				CLANG_ANALYZER_NONNULL = YES;
				CLANG_ANALYZER_NUMBER_OBJECT_CONVERSION = YES_AGGRESSIVE;
				CLANG_CXX_LANGUAGE_STANDARD = "gnu++17";
				CLANG_ENABLE_MODULES = YES;
				CLANG_ENABLE_OBJC_ARC = YES;
				CLANG_ENABLE_OBJC_WEAK = YES;
				CLANG_WARN_BLOCK_CAPTURE_AUTORELEASING = YES;
				CLANG_WARN_BOOL_CONVERSION = YES;
				CLANG_WARN_COMMA = YES;
				CLANG_WARN_CONSTANT_CONVERSION = YES;
				CLANG_WARN_DEPRECATED_OBJC_IMPLEMENTATIONS = YES;
				CLANG_WARN_DIRECT_OBJC_ISA_USAGE = YES_ERROR;
				CLANG_WARN_DOCUMENTATION_COMMENTS = YES;
				CLANG_WARN_EMPTY_BODY = YES;
				CLANG_WARN_ENUM_CONVERSION = YES;
				CLANG_WARN_INFINITE_RECURSION = YES;
				CLANG_WARN_INT_CONVERSION = YES;
				CLANG_WARN_NON_LITERAL_NULL_CONVERSION = YES;
				CLANG_WARN_OBJC_IMPLICIT_RETAIN_SELF = YES;
				CLANG_WARN_OBJC_LITERAL_CONVERSION = YES;
				CLANG_WARN_OBJC_ROOT_CLASS = YES_ERROR;
				CLANG_WARN_QUOTED_INCLUDE_IN_FRAMEWORK_HEADER = YES;
				CLANG_WARN_RANGE_LOOP_ANALYSIS = YES;
				CLANG_WARN_STRICT_PROTOTYPES = YES;
				CLANG_WARN_SUSPICIOUS_MOVE = YES;
				CLANG_WARN_UNGUARDED_AVAILABILITY = YES_AGGRESSIVE;
				CLANG_WARN_UNREACHABLE_CODE = YES;
				CLANG_WARN__DUPLICATE_METHOD_MATCH = YES;
				COPY_PHASE_STRIP = NO;
				DEBUG_INFORMATION_FORMAT = "dwarf-with-dsym";
				ENABLE_NS_ASSERTIONS = NO;
				ENABLE_STRICT_OBJC_MSGSEND = YES;
				GCC_C_LANGUAGE_STANDARD = gnu11;
				GCC_NO_COMMON_BLOCKS = YES;
				GCC_WARN_64_TO_32_BIT_CONVERSION = YES;
				GCC_WARN_ABOUT_RETURN_TYPE = YES_ERROR;
				GCC_WARN_UNDECLARED_SELECTOR = YES;
				GCC_WARN_UNINITIALIZED_AUTOS = YES_AGGRESSIVE;
				GCC_WARN_UNUSED_FUNCTION = YES;
				GCC_WARN_UNUSED_VARIABLE = YES;
				IPHONEOS_DEPLOYMENT_TARGET = 15.5;
				MTL_ENABLE_DEBUG_INFO = NO;
				MTL_FAST_MATH = YES;
				SDKROOT = iphoneos;
				SWIFT_COMPILATION_MODE = wholemodule;
				SWIFT_OPTIMIZATION_LEVEL = "-O";
				VALIDATE_PRODUCT = YES;
			};
			name = Release;
		};
		5FDC85DD2873255E007B5C28 /* Debug */ = {
			isa = XCBuildConfiguration;
			buildSettings = {
				ASSETCATALOG_COMPILER_APPICON_NAME = AppIcon;
				ASSETCATALOG_COMPILER_GLOBAL_ACCENT_COLOR_NAME = AccentColor;
				CODE_SIGN_STYLE = Automatic;
				CURRENT_PROJECT_VERSION = 1;
				DEVELOPMENT_TEAM = B4BTF394JA;
				GENERATE_INFOPLIST_FILE = YES;
				INFOPLIST_FILE = NALSSI/Info.plist;
				INFOPLIST_KEY_UIApplicationSupportsIndirectInputEvents = YES;
				INFOPLIST_KEY_UILaunchStoryboardName = LaunchScreen;
				INFOPLIST_KEY_UIMainStoryboardFile = Main;
				INFOPLIST_KEY_UISupportedInterfaceOrientations_iPad = "UIInterfaceOrientationPortrait UIInterfaceOrientationPortraitUpsideDown UIInterfaceOrientationLandscapeLeft UIInterfaceOrientationLandscapeRight";
				INFOPLIST_KEY_UISupportedInterfaceOrientations_iPhone = "UIInterfaceOrientationPortrait UIInterfaceOrientationLandscapeLeft UIInterfaceOrientationLandscapeRight";
				LD_RUNPATH_SEARCH_PATHS = (
					"$(inherited)",
					"@executable_path/Frameworks",
				);
				MARKETING_VERSION = 1.0;
				PRODUCT_BUNDLE_IDENTIFIER = com.torinunna.NALSSI;
				PRODUCT_NAME = "$(TARGET_NAME)";
				SWIFT_EMIT_LOC_STRINGS = YES;
				SWIFT_VERSION = 5.0;
				TARGETED_DEVICE_FAMILY = "1,2";
			};
			name = Debug;
		};
		5FDC85DE2873255E007B5C28 /* Release */ = {
			isa = XCBuildConfiguration;
			buildSettings = {
				ASSETCATALOG_COMPILER_APPICON_NAME = AppIcon;
				ASSETCATALOG_COMPILER_GLOBAL_ACCENT_COLOR_NAME = AccentColor;
				CODE_SIGN_STYLE = Automatic;
				CURRENT_PROJECT_VERSION = 1;
				DEVELOPMENT_TEAM = B4BTF394JA;
				GENERATE_INFOPLIST_FILE = YES;
				INFOPLIST_FILE = NALSSI/Info.plist;
				INFOPLIST_KEY_UIApplicationSupportsIndirectInputEvents = YES;
				INFOPLIST_KEY_UILaunchStoryboardName = LaunchScreen;
				INFOPLIST_KEY_UIMainStoryboardFile = Main;
				INFOPLIST_KEY_UISupportedInterfaceOrientations_iPad = "UIInterfaceOrientationPortrait UIInterfaceOrientationPortraitUpsideDown UIInterfaceOrientationLandscapeLeft UIInterfaceOrientationLandscapeRight";
				INFOPLIST_KEY_UISupportedInterfaceOrientations_iPhone = "UIInterfaceOrientationPortrait UIInterfaceOrientationLandscapeLeft UIInterfaceOrientationLandscapeRight";
				LD_RUNPATH_SEARCH_PATHS = (
					"$(inherited)",
					"@executable_path/Frameworks",
				);
				MARKETING_VERSION = 1.0;
				PRODUCT_BUNDLE_IDENTIFIER = com.torinunna.NALSSI;
				PRODUCT_NAME = "$(TARGET_NAME)";
				SWIFT_EMIT_LOC_STRINGS = YES;
				SWIFT_VERSION = 5.0;
				TARGETED_DEVICE_FAMILY = "1,2";
			};
			name = Release;
		};
/* End XCBuildConfiguration section */

/* Begin XCConfigurationList section */
		5FDC85C32873255C007B5C28 /* Build configuration list for PBXProject "NALSSI" */ = {
			isa = XCConfigurationList;
			buildConfigurations = (
				5FDC85DA2873255E007B5C28 /* Debug */,
				5FDC85DB2873255E007B5C28 /* Release */,
			);
			defaultConfigurationIsVisible = 0;
			defaultConfigurationName = Release;
		};
		5FDC85DC2873255E007B5C28 /* Build configuration list for PBXNativeTarget "NALSSI" */ = {
			isa = XCConfigurationList;
			buildConfigurations = (
				5FDC85DD2873255E007B5C28 /* Debug */,
				5FDC85DE2873255E007B5C28 /* Release */,
			);
			defaultConfigurationIsVisible = 0;
			defaultConfigurationName = Release;
		};
/* End XCConfigurationList section */
	};
	rootObject = 5FDC85C02873255C007B5C28 /* Project object */;
}
